
Microsoft Visual Studio Solution File, Format Version 12.00
# Visual Studio Version 16
VisualStudioVersion = 16.0.28809.33
MinimumVisualStudioVersion = 10.0.40219.1
Project("{FAE04EC0-301F-11D3-BF4B-00C04F79EFBC}") = "Calculator.Android", "Calculator\Calculator.Android\Calculator.Android.csproj", "{89FCB577-17A1-402D-89A1-B78ED9302E54}"
EndProject
Project("{FAE04EC0-301F-11D3-BF4B-00C04F79EFBC}") = "Calculator", "Calculator\Calculator\Calculator.csproj", "{586A27F8-12C5-4C77-B926-4984E5654660}"
EndProject
Global
	GlobalSection(SolutionConfigurationPlatforms) = preSolution
		Debug|Any CPU = Debug|Any CPU
		Release|Any CPU = Release|Any CPU
	EndGlobalSection
	GlobalSection(ProjectConfigurationPlatforms) = postSolution
		{89FCB577-17A1-402D-89A1-B78ED9302E54}.Debug|Any CPU.ActiveCfg = Debug|Any CPU
		{89FCB577-17A1-402D-89A1-B78ED9302E54}.Debug|Any CPU.Build.0 = Debug|Any CPU
		{89FCB577-17A1-402D-89A1-B78ED9302E54}.Debug|Any CPU.Deploy.0 = Debug|Any CPU
		{89FCB577-17A1-402D-89A1-B78ED9302E54}.Release|Any CPU.ActiveCfg = Release|Any CPU
		{89FCB577-17A1-402D-89A1-B78ED9302E54}.Release|Any CPU.Build.0 = Release|Any CPU
		{89FCB577-17A1-402D-89A1-B78ED9302E54}.Release|Any CPU.Deploy.0 = Release|Any CPU
		{586A27F8-12C5-4C77-B926-4984E5654660}.Debug|Any CPU.ActiveCfg = Debug|Any CPU
		{586A27F8-12C5-4C77-B926-4984E5654660}.Debug|Any CPU.Build.0 = Debug|Any CPU
		{586A27F8-12C5-4C77-B926-4984E5654660}.Debug|Any CPU.Deploy.0 = Debug|Any CPU
		{586A27F8-12C5-4C77-B926-4984E5654660}.Release|Any CPU.ActiveCfg = Release|Any CPU
		{586A27F8-12C5-4C77-B926-4984E5654660}.Release|Any CPU.Build.0 = Release|Any CPU
		{586A27F8-12C5-4C77-B926-4984E5654660}.Release|Any CPU.Deploy.0 = Release|Any CPU
	EndGlobalSection
	GlobalSection(SolutionProperties) = preSolution
		HideSolutionNode = FALSE
	EndGlobalSection
	GlobalSection(ExtensibilityGlobals) = postSolution
		SolutionGuid = {2569D050-DFFE-4085-9BDC-F5F4E126384A}
	EndGlobalSection
EndGlobal
